
Microsoft Visual Studio Solution File, Format Version 12.00
# Visual Studio Version 17
VisualStudioVersion = 17.0.31611.283
MinimumVisualStudioVersion = 10.0.40219.1
Project("{2150E333-8FDC-42A3-9474-1A3956D46DE8}") = "Front", "Front", "{7FCFC511-C3CE-4D2A-B6FE-04BFA7CF211F}"
EndProject
Project("{2150E333-8FDC-42A3-9474-1A3956D46DE8}") = "Back", "Back", "{C7BBC25A-BA9A-4024-8E12-6A6E397B89B3}"
EndProject
Project("{9A19103F-16F7-4668-BE54-9A1E7A4F7556}") = "MultiPlatform", "src\Front\MultiPlatform\MultiPlatform.csproj", "{471F4F35-D262-47DF-B3C2-D0C7CC15F646}"
EndProject
Project("{9A19103F-16F7-4668-BE54-9A1E7A4F7556}") = "Api", "src\Front\API\Api.csproj", "{BD9EC5F8-60A2-41FA-BB3C-3BFCCDDCF9B5}"
EndProject
Project("{9A19103F-16F7-4668-BE54-9A1E7A4F7556}") = "Application", "src\Back\Application\Application.csproj", "{34183FC9-681B-4A01-9C9A-82A01FFB98FB}"
EndProject
Project("{9A19103F-16F7-4668-BE54-9A1E7A4F7556}") = "Infrastructure", "src\Back\Infrastructure\Infrastructure.csproj", "{AFCAE658-874F-4141-9E1D-0D12079019B6}"
EndProject
Project("{9A19103F-16F7-4668-BE54-9A1E7A4F7556}") = "Domain", "src\Back\Domain\Domain.csproj", "{766F2960-7ADD-49E6-8D03-0428C4A7798F}"
EndProject
Project("{2150E333-8FDC-42A3-9474-1A3956D46DE8}") = "Tests", "Tests", "{BDCDBCF6-31AF-412C-85C6-A8EEC735DA25}"
EndProject
Project("{9A19103F-16F7-4668-BE54-9A1E7A4F7556}") = "Tests.Core", "src\Back\Tests\Tests.Core\Tests.Core.csproj", "{EBDDECD4-F871-4BFF-908E-751228FE1130}"
EndProject
Project("{9A19103F-16F7-4668-BE54-9A1E7A4F7556}") = "Domain.Tests", "src\Back\Tests\Domain.Tests\Domain.Tests.csproj", "{4512CA8C-A48A-4F95-ABB1-B67C0180FDAB}"
EndProject
Project("{9A19103F-16F7-4668-BE54-9A1E7A4F7556}") = "Infrastructure.Tests", "src\Back\Tests\Infrastructure.Tests\Infrastructure.Tests.csproj", "{A9332A18-4D0A-49AA-A9C5-6C735D618A12}"
EndProject
Project("{2150E333-8FDC-42A3-9474-1A3956D46DE8}") = "Tests", "Tests", "{3C7C2095-90C2-4DEB-993B-79254AEB549B}"
EndProject
Project("{9A19103F-16F7-4668-BE54-9A1E7A4F7556}") = "Application.Tests", "src\Back\Tests\Application.Tests\Application.Tests.csproj", "{B3B33838-DDE2-40BD-896D-3D280D2DBAEE}"
EndProject
Project("{9A19103F-16F7-4668-BE54-9A1E7A4F7556}") = "Api.Tests", "src\Front\Tests\Api.Tests\Api.Tests.csproj", "{4AFC2DEE-8D07-4209-A935-5162E1FE85E8}"
EndProject
Project("{9A19103F-16F7-4668-BE54-9A1E7A4F7556}") = "Client.Abstractions", "src\Back\Client.Abstractions\Client.Abstractions.csproj", "{6A838FDD-A174-4E21-A085-21BF0EAAF0BB}"
EndProject
Project("{9A19103F-16F7-4668-BE54-9A1E7A4F7556}") = "MultiPlatform.Tests", "src\Front\Tests\MultiPlatform.Tests\MultiPlatform.Tests.csproj", "{F5104091-0190-431D-88F6-3E8F69B364B3}"
EndProject
Global
	GlobalSection(SolutionConfigurationPlatforms) = preSolution
		Debug|Any CPU = Debug|Any CPU
		Release|Any CPU = Release|Any CPU
	EndGlobalSection
	GlobalSection(ProjectConfigurationPlatforms) = postSolution
		{471F4F35-D262-47DF-B3C2-D0C7CC15F646}.Debug|Any CPU.ActiveCfg = Debug|Any CPU
		{471F4F35-D262-47DF-B3C2-D0C7CC15F646}.Debug|Any CPU.Build.0 = Debug|Any CPU
		{471F4F35-D262-47DF-B3C2-D0C7CC15F646}.Debug|Any CPU.Deploy.0 = Debug|Any CPU
		{471F4F35-D262-47DF-B3C2-D0C7CC15F646}.Release|Any CPU.ActiveCfg = Release|Any CPU
		{471F4F35-D262-47DF-B3C2-D0C7CC15F646}.Release|Any CPU.Build.0 = Release|Any CPU
		{471F4F35-D262-47DF-B3C2-D0C7CC15F646}.Release|Any CPU.Deploy.0 = Release|Any CPU
		{BD9EC5F8-60A2-41FA-BB3C-3BFCCDDCF9B5}.Debug|Any CPU.ActiveCfg = Debug|Any CPU
		{BD9EC5F8-60A2-41FA-BB3C-3BFCCDDCF9B5}.Debug|Any CPU.Build.0 = Debug|Any CPU
		{BD9EC5F8-60A2-41FA-BB3C-3BFCCDDCF9B5}.Release|Any CPU.ActiveCfg = Release|Any CPU
		{BD9EC5F8-60A2-41FA-BB3C-3BFCCDDCF9B5}.Release|Any CPU.Build.0 = Release|Any CPU
		{34183FC9-681B-4A01-9C9A-82A01FFB98FB}.Debug|Any CPU.ActiveCfg = Debug|Any CPU
		{34183FC9-681B-4A01-9C9A-82A01FFB98FB}.Debug|Any CPU.Build.0 = Debug|Any CPU
		{34183FC9-681B-4A01-9C9A-82A01FFB98FB}.Release|Any CPU.ActiveCfg = Release|Any CPU
		{34183FC9-681B-4A01-9C9A-82A01FFB98FB}.Release|Any CPU.Build.0 = Release|Any CPU
		{AFCAE658-874F-4141-9E1D-0D12079019B6}.Debug|Any CPU.ActiveCfg = Debug|Any CPU
		{AFCAE658-874F-4141-9E1D-0D12079019B6}.Debug|Any CPU.Build.0 = Debug|Any CPU
		{AFCAE658-874F-4141-9E1D-0D12079019B6}.Release|Any CPU.ActiveCfg = Release|Any CPU
		{AFCAE658-874F-4141-9E1D-0D12079019B6}.Release|Any CPU.Build.0 = Release|Any CPU
		{766F2960-7ADD-49E6-8D03-0428C4A7798F}.Debug|Any CPU.ActiveCfg = Debug|Any CPU
		{766F2960-7ADD-49E6-8D03-0428C4A7798F}.Debug|Any CPU.Build.0 = Debug|Any CPU
		{766F2960-7ADD-49E6-8D03-0428C4A7798F}.Release|Any CPU.ActiveCfg = Release|Any CPU
		{766F2960-7ADD-49E6-8D03-0428C4A7798F}.Release|Any CPU.Build.0 = Release|Any CPU
		{EBDDECD4-F871-4BFF-908E-751228FE1130}.Debug|Any CPU.ActiveCfg = Debug|Any CPU
		{EBDDECD4-F871-4BFF-908E-751228FE1130}.Debug|Any CPU.Build.0 = Debug|Any CPU
		{EBDDECD4-F871-4BFF-908E-751228FE1130}.Release|Any CPU.ActiveCfg = Release|Any CPU
		{EBDDECD4-F871-4BFF-908E-751228FE1130}.Release|Any CPU.Build.0 = Release|Any CPU
		{4512CA8C-A48A-4F95-ABB1-B67C0180FDAB}.Debug|Any CPU.ActiveCfg = Debug|Any CPU
		{4512CA8C-A48A-4F95-ABB1-B67C0180FDAB}.Debug|Any CPU.Build.0 = Debug|Any CPU
		{4512CA8C-A48A-4F95-ABB1-B67C0180FDAB}.Release|Any CPU.ActiveCfg = Release|Any CPU
		{4512CA8C-A48A-4F95-ABB1-B67C0180FDAB}.Release|Any CPU.Build.0 = Release|Any CPU
		{A9332A18-4D0A-49AA-A9C5-6C735D618A12}.Debug|Any CPU.ActiveCfg = Debug|Any CPU
		{A9332A18-4D0A-49AA-A9C5-6C735D618A12}.Debug|Any CPU.Build.0 = Debug|Any CPU
		{A9332A18-4D0A-49AA-A9C5-6C735D618A12}.Release|Any CPU.ActiveCfg = Release|Any CPU
		{A9332A18-4D0A-49AA-A9C5-6C735D618A12}.Release|Any CPU.Build.0 = Release|Any CPU
		{B3B33838-DDE2-40BD-896D-3D280D2DBAEE}.Debug|Any CPU.ActiveCfg = Debug|Any CPU
		{B3B33838-DDE2-40BD-896D-3D280D2DBAEE}.Debug|Any CPU.Build.0 = Debug|Any CPU
		{B3B33838-DDE2-40BD-896D-3D280D2DBAEE}.Release|Any CPU.ActiveCfg = Release|Any CPU
		{B3B33838-DDE2-40BD-896D-3D280D2DBAEE}.Release|Any CPU.Build.0 = Release|Any CPU
		{4AFC2DEE-8D07-4209-A935-5162E1FE85E8}.Debug|Any CPU.ActiveCfg = Debug|Any CPU
		{4AFC2DEE-8D07-4209-A935-5162E1FE85E8}.Debug|Any CPU.Build.0 = Debug|Any CPU
		{4AFC2DEE-8D07-4209-A935-5162E1FE85E8}.Release|Any CPU.ActiveCfg = Release|Any CPU
		{4AFC2DEE-8D07-4209-A935-5162E1FE85E8}.Release|Any CPU.Build.0 = Release|Any CPU
		{6A838FDD-A174-4E21-A085-21BF0EAAF0BB}.Debug|Any CPU.ActiveCfg = Debug|Any CPU
		{6A838FDD-A174-4E21-A085-21BF0EAAF0BB}.Debug|Any CPU.Build.0 = Debug|Any CPU
		{6A838FDD-A174-4E21-A085-21BF0EAAF0BB}.Release|Any CPU.ActiveCfg = Release|Any CPU
		{6A838FDD-A174-4E21-A085-21BF0EAAF0BB}.Release|Any CPU.Build.0 = Release|Any CPU
		{F5104091-0190-431D-88F6-3E8F69B364B3}.Debug|Any CPU.ActiveCfg = Debug|Any CPU
		{F5104091-0190-431D-88F6-3E8F69B364B3}.Debug|Any CPU.Build.0 = Debug|Any CPU
		{F5104091-0190-431D-88F6-3E8F69B364B3}.Release|Any CPU.ActiveCfg = Release|Any CPU
		{F5104091-0190-431D-88F6-3E8F69B364B3}.Release|Any CPU.Build.0 = Release|Any CPU
	EndGlobalSection
	GlobalSection(SolutionProperties) = preSolution
		HideSolutionNode = FALSE
	EndGlobalSection
	GlobalSection(NestedProjects) = preSolution
		{471F4F35-D262-47DF-B3C2-D0C7CC15F646} = {7FCFC511-C3CE-4D2A-B6FE-04BFA7CF211F}
		{BD9EC5F8-60A2-41FA-BB3C-3BFCCDDCF9B5} = {7FCFC511-C3CE-4D2A-B6FE-04BFA7CF211F}
		{34183FC9-681B-4A01-9C9A-82A01FFB98FB} = {C7BBC25A-BA9A-4024-8E12-6A6E397B89B3}
		{AFCAE658-874F-4141-9E1D-0D12079019B6} = {C7BBC25A-BA9A-4024-8E12-6A6E397B89B3}
		{766F2960-7ADD-49E6-8D03-0428C4A7798F} = {C7BBC25A-BA9A-4024-8E12-6A6E397B89B3}
		{BDCDBCF6-31AF-412C-85C6-A8EEC735DA25} = {C7BBC25A-BA9A-4024-8E12-6A6E397B89B3}
		{EBDDECD4-F871-4BFF-908E-751228FE1130} = {BDCDBCF6-31AF-412C-85C6-A8EEC735DA25}
		{4512CA8C-A48A-4F95-ABB1-B67C0180FDAB} = {BDCDBCF6-31AF-412C-85C6-A8EEC735DA25}
		{A9332A18-4D0A-49AA-A9C5-6C735D618A12} = {BDCDBCF6-31AF-412C-85C6-A8EEC735DA25}
		{3C7C2095-90C2-4DEB-993B-79254AEB549B} = {7FCFC511-C3CE-4D2A-B6FE-04BFA7CF211F}
		{B3B33838-DDE2-40BD-896D-3D280D2DBAEE} = {BDCDBCF6-31AF-412C-85C6-A8EEC735DA25}
		{4AFC2DEE-8D07-4209-A935-5162E1FE85E8} = {3C7C2095-90C2-4DEB-993B-79254AEB549B}
		{6A838FDD-A174-4E21-A085-21BF0EAAF0BB} = {C7BBC25A-BA9A-4024-8E12-6A6E397B89B3}
		{F5104091-0190-431D-88F6-3E8F69B364B3} = {3C7C2095-90C2-4DEB-993B-79254AEB549B}
	EndGlobalSection
	GlobalSection(ExtensibilityGlobals) = postSolution
		SolutionGuid = {61F7FB11-1E47-470C-91E2-47F8143E1572}
	EndGlobalSection
EndGlobal
